
Microsoft Visual Studio Solution File, Format Version 12.00
# Visual Studio Version 16
VisualStudioVersion = 16.0.29215.179
MinimumVisualStudioVersion = 10.0.40219.1
Project("{FAE04EC0-301F-11D3-BF4B-00C04F79EFBC}") = "NSEDataExtracter", "NSEDataExtracter\NSEDataExtracter.csproj", "{DA1DA847-A949-4F2A-AFF0-99BA5806B58F}"
EndProject
Global
	GlobalSection(SolutionConfigurationPlatforms) = preSolution
		Debug|Any CPU = Debug|Any CPU
		Release|Any CPU = Release|Any CPU
	EndGlobalSection
	GlobalSection(ProjectConfigurationPlatforms) = postSolution
		{DA1DA847-A949-4F2A-AFF0-99BA5806B58F}.Debug|Any CPU.ActiveCfg = Debug|Any CPU
		{DA1DA847-A949-4F2A-AFF0-99BA5806B58F}.Debug|Any CPU.Build.0 = Debug|Any CPU
		{DA1DA847-A949-4F2A-AFF0-99BA5806B58F}.Release|Any CPU.ActiveCfg = Release|Any CPU
		{DA1DA847-A949-4F2A-AFF0-99BA5806B58F}.Release|Any CPU.Build.0 = Release|Any CPU
	EndGlobalSection
	GlobalSection(SolutionProperties) = preSolution
		HideSolutionNode = FALSE
	EndGlobalSection
	GlobalSection(ExtensibilityGlobals) = postSolution
		SolutionGuid = {D85C20A1-C5BE-4B56-9083-0889112E0E51}
	EndGlobalSection
EndGlobal
